
Microsoft Visual Studio Solution File, Format Version 12.00
# Visual Studio 15
VisualStudioVersion = 15.0.28307.1000
MinimumVisualStudioVersion = 10.0.40219.1
Project("{9A19103F-16F7-4668-BE54-9A1E7A4F7556}") = "EfCore.Api.Game", "EfCore.Api.Game\EfCore.Api.Game.csproj", "{9895A0F3-0A4E-4627-9004-B27798105FC4}"
EndProject
Global
	GlobalSection(SolutionConfigurationPlatforms) = preSolution
		Debug|Any CPU = Debug|Any CPU
		Release|Any CPU = Release|Any CPU
	EndGlobalSection
	GlobalSection(ProjectConfigurationPlatforms) = postSolution
		{9895A0F3-0A4E-4627-9004-B27798105FC4}.Debug|Any CPU.ActiveCfg = Debug|Any CPU
		{9895A0F3-0A4E-4627-9004-B27798105FC4}.Debug|Any CPU.Build.0 = Debug|Any CPU
		{9895A0F3-0A4E-4627-9004-B27798105FC4}.Release|Any CPU.ActiveCfg = Release|Any CPU
		{9895A0F3-0A4E-4627-9004-B27798105FC4}.Release|Any CPU.Build.0 = Release|Any CPU
	EndGlobalSection
	GlobalSection(SolutionProperties) = preSolution
		HideSolutionNode = FALSE
	EndGlobalSection
	GlobalSection(ExtensibilityGlobals) = postSolution
		SolutionGuid = {1899373B-DE91-4B91-9487-AE4F02D97E0C}
	EndGlobalSection
EndGlobal
